Microsoft Visual Studio Solution File, Format Version 12.00
# Visual Studio Version 17
VisualStudioVersion = 17.5.2.0
MinimumVisualStudioVersion = 10.0.40219.1
Project("{FAE04EC0-301F-11D3-BF4B-00C04F79EFBC}") = "EnvPathGUI", "EnvPathGUI.csproj", "{5A79A786-FA86-48F3-F60C-704C34FE6A38}"
EndProject
Global
	GlobalSection(SolutionConfigurationPlatforms) = preSolution
		Debug|Any CPU = Debug|Any CPU
		Release|Any CPU = Release|Any CPU
	EndGlobalSection
	GlobalSection(ProjectConfigurationPlatforms) = postSolution
		{5A79A786-FA86-48F3-F60C-704C34FE6A38}.Debug|Any CPU.ActiveCfg = Debug|Any CPU
		{5A79A786-FA86-48F3-F60C-704C34FE6A38}.Debug|Any CPU.Build.0 = Debug|Any CPU
		{5A79A786-FA86-48F3-F60C-704C34FE6A38}.Release|Any CPU.ActiveCfg = Release|Any CPU
		{5A79A786-FA86-48F3-F60C-704C34FE6A38}.Release|Any CPU.Build.0 = Release|Any CPU
	EndGlobalSection
	GlobalSection(SolutionProperties) = preSolution
		HideSolutionNode = FALSE
	EndGlobalSection
	GlobalSection(ExtensibilityGlobals) = postSolution
		SolutionGuid = {D652CEB7-2926-4F68-A8A5-B3074918EA0B}
	EndGlobalSection
EndGlobal
